
Microsoft Visual Studio Solution File, Format Version 12.00
# Visual Studio 2015
Project("{FAE04EC0-301F-11D3-BF4B-00C04F79EFBC}") = "Mad-Tetris.CSharp", "Mad-Tetris.CSharp.csproj", "{E8F15EC0-5AFB-D75A-AF57-A20752A22730}"
EndProject
Project("{FAE04EC0-301F-11D3-BF4B-00C04F79EFBC}") = "Mad-Tetris.CSharp.Editor", "Mad-Tetris.CSharp.Editor.csproj", "{DBD6B996-CED8-C5A9-B96B-C66CBA40BF40}"
EndProject
Global
	GlobalSection(SolutionConfigurationPlatforms) = preSolution
		Debug|Any CPU = Debug|Any CPU
		Release|Any CPU = Release|Any CPU
	EndGlobalSection
	GlobalSection(ProjectConfigurationPlatforms) = postSolution
		{E8F15EC0-5AFB-D75A-AF57-A20752A22730}.Debug|Any CPU.ActiveCfg = Debug|Any CPU
		{E8F15EC0-5AFB-D75A-AF57-A20752A22730}.Debug|Any CPU.Build.0 = Debug|Any CPU
		{E8F15EC0-5AFB-D75A-AF57-A20752A22730}.Release|Any CPU.ActiveCfg = Release|Any CPU
		{E8F15EC0-5AFB-D75A-AF57-A20752A22730}.Release|Any CPU.Build.0 = Release|Any CPU
		{DBD6B996-CED8-C5A9-B96B-C66CBA40BF40}.Debug|Any CPU.ActiveCfg = Debug|Any CPU
		{DBD6B996-CED8-C5A9-B96B-C66CBA40BF40}.Debug|Any CPU.Build.0 = Debug|Any CPU
		{DBD6B996-CED8-C5A9-B96B-C66CBA40BF40}.Release|Any CPU.ActiveCfg = Release|Any CPU
		{DBD6B996-CED8-C5A9-B96B-C66CBA40BF40}.Release|Any CPU.Build.0 = Release|Any CPU
	EndGlobalSection
	GlobalSection(SolutionProperties) = preSolution
		HideSolutionNode = FALSE
	EndGlobalSection
EndGlobal
